
Microsoft Visual Studio Solution File, Format Version 12.00
# Visual Studio Version 17
VisualStudioVersion = 17.9.34728.123
MinimumVisualStudioVersion = 10.0.40219.1
Project("{FAE04EC0-301F-11D3-BF4B-00C04F79EFBC}") = "RockPaperScissors", "RockPaperScissors.csproj", "{2202353C-3EF1-4671-9ACD-E5338583D57A}"
EndProject
Global
	GlobalSection(SolutionConfigurationPlatforms) = preSolution
		Debug|Any CPU = Debug|Any CPU
		Release|Any CPU = Release|Any CPU
	EndGlobalSection
	GlobalSection(ProjectConfigurationPlatforms) = postSolution
		{2202353C-3EF1-4671-9ACD-E5338583D57A}.Debug|Any CPU.ActiveCfg = Debug|Any CPU
		{2202353C-3EF1-4671-9ACD-E5338583D57A}.Debug|Any CPU.Build.0 = Debug|Any CPU
		{2202353C-3EF1-4671-9ACD-E5338583D57A}.Release|Any CPU.ActiveCfg = Release|Any CPU
		{2202353C-3EF1-4671-9ACD-E5338583D57A}.Release|Any CPU.Build.0 = Release|Any CPU
	EndGlobalSection
	GlobalSection(SolutionProperties) = preSolution
		HideSolutionNode = FALSE
	EndGlobalSection
	GlobalSection(ExtensibilityGlobals) = postSolution
		SolutionGuid = {E5F2B5F7-E999-4692-9DDC-E5E5996F03A5}
	EndGlobalSection
EndGlobal
